
Microsoft Visual Studio Solution File, Format Version 12.00
# Visual Studio Version 17
VisualStudioVersion = 17.3.32929.385
MinimumVisualStudioVersion = 10.0.40219.1
Project("{FAE04EC0-301F-11D3-BF4B-00C04F79EFBC}") = "MayTinh", "MayTinh\MayTinh.csproj", "{F91996E6-4709-47F2-9473-47076FE384E8}"
EndProject
Global
	GlobalSection(SolutionConfigurationPlatforms) = preSolution
		Debug|Any CPU = Debug|Any CPU
		Release|Any CPU = Release|Any CPU
	EndGlobalSection
	GlobalSection(ProjectConfigurationPlatforms) = postSolution
		{F91996E6-4709-47F2-9473-47076FE384E8}.Debug|Any CPU.ActiveCfg = Debug|Any CPU
		{F91996E6-4709-47F2-9473-47076FE384E8}.Debug|Any CPU.Build.0 = Debug|Any CPU
		{F91996E6-4709-47F2-9473-47076FE384E8}.Release|Any CPU.ActiveCfg = Release|Any CPU
		{F91996E6-4709-47F2-9473-47076FE384E8}.Release|Any CPU.Build.0 = Release|Any CPU
	EndGlobalSection
	GlobalSection(SolutionProperties) = preSolution
		HideSolutionNode = FALSE
	EndGlobalSection
	GlobalSection(ExtensibilityGlobals) = postSolution
		SolutionGuid = {DEE9BAFE-076C-4348-A926-A821604DCE61}
	EndGlobalSection
EndGlobal
